
Microsoft Visual Studio Solution File, Format Version 11.00
# Visual Studio Version 16

Project("{8BC9CEB8-8B4A-11D0-8D11-00A0C91BC942}") = "3OSCsynth - Standalone Plugin", "3OSCsynth_StandalonePlugin.vcxproj", "{4FBFC70D-E82F-B91B-7F69-F8A09E7C8929}"
	ProjectSection(ProjectDependencies) = postProject
		{561B32A2-7674-04B3-BD3D-5D5DC64DFB53} = {561B32A2-7674-04B3-BD3D-5D5DC64DFB53}
	EndProjectSection
EndProject
Project("{8BC9CEB8-8B4A-11D0-8D11-00A0C91BC942}") = "3OSCsynth - VST3", "3OSCsynth_VST3.vcxproj", "{401B55D6-99AA-88E8-CA36-EE0C00176658}"
	ProjectSection(ProjectDependencies) = postProject
		{561B32A2-7674-04B3-BD3D-5D5DC64DFB53} = {561B32A2-7674-04B3-BD3D-5D5DC64DFB53}
	EndProjectSection
EndProject
Project("{8BC9CEB8-8B4A-11D0-8D11-00A0C91BC942}") = "3OSCsynth - Shared Code", "3OSCsynth_SharedCode.vcxproj", "{561B32A2-7674-04B3-BD3D-5D5DC64DFB53}"
EndProject
Global
	GlobalSection(SolutionConfigurationPlatforms) = preSolution
		Debug|x64 = Debug|x64
		Release|x64 = Release|x64
	EndGlobalSection
	GlobalSection(ProjectConfigurationPlatforms) = postSolution
		{401B55D6-99AA-88E8-CA36-EE0C00176658}.Debug|x64.ActiveCfg = Debug|x64
		{401B55D6-99AA-88E8-CA36-EE0C00176658}.Debug|x64.Build.0 = Debug|x64
		{401B55D6-99AA-88E8-CA36-EE0C00176658}.Release|x64.ActiveCfg = Release|x64
		{401B55D6-99AA-88E8-CA36-EE0C00176658}.Release|x64.Build.0 = Release|x64
		{4FBFC70D-E82F-B91B-7F69-F8A09E7C8929}.Debug|x64.ActiveCfg = Debug|x64
		{4FBFC70D-E82F-B91B-7F69-F8A09E7C8929}.Debug|x64.Build.0 = Debug|x64
		{4FBFC70D-E82F-B91B-7F69-F8A09E7C8929}.Release|x64.ActiveCfg = Release|x64
		{4FBFC70D-E82F-B91B-7F69-F8A09E7C8929}.Release|x64.Build.0 = Release|x64
		{561B32A2-7674-04B3-BD3D-5D5DC64DFB53}.Debug|x64.ActiveCfg = Debug|x64
		{561B32A2-7674-04B3-BD3D-5D5DC64DFB53}.Debug|x64.Build.0 = Debug|x64
		{561B32A2-7674-04B3-BD3D-5D5DC64DFB53}.Release|x64.ActiveCfg = Release|x64
		{561B32A2-7674-04B3-BD3D-5D5DC64DFB53}.Release|x64.Build.0 = Release|x64
	EndGlobalSection
	GlobalSection(SolutionProperties) = preSolution
		HideSolutionNode = FALSE
	EndGlobalSection
EndGlobal
